
Microsoft Visual Studio Solution File, Format Version 12.00
# Visual Studio Version 17
VisualStudioVersion = 17.10.35027.167
MinimumVisualStudioVersion = 10.0.40219.1
Project("{9A19103F-16F7-4668-BE54-9A1E7A4F7556}") = "CodeLouCapstone.App", "CodeLouCapstone.App.csproj", "{0312CDAD-BB1E-4540-8BD7-517265F3387C}"
EndProject
Project("{9A19103F-16F7-4668-BE54-9A1E7A4F7556}") = "CodeLouCapstone.Shared", "..\CodeLouCapstone.Shared\CodeLouCapstone.Shared.csproj", "{46A0A8BA-DB48-4861-916F-63FC891E6096}"
EndProject
Project("{9A19103F-16F7-4668-BE54-9A1E7A4F7556}") = "CodeLouCapstone.Api", "..\CodeLouCapstone.Api\CodeLouCapstone.Api.csproj", "{2919EFE6-1F5A-497F-87EC-7BBC1847A72F}"
EndProject
Global
	GlobalSection(SolutionConfigurationPlatforms) = preSolution
		Debug|Any CPU = Debug|Any CPU
		Release|Any CPU = Release|Any CPU
	EndGlobalSection
	GlobalSection(ProjectConfigurationPlatforms) = postSolution
		{0312CDAD-BB1E-4540-8BD7-517265F3387C}.Debug|Any CPU.ActiveCfg = Debug|Any CPU
		{0312CDAD-BB1E-4540-8BD7-517265F3387C}.Debug|Any CPU.Build.0 = Debug|Any CPU
		{0312CDAD-BB1E-4540-8BD7-517265F3387C}.Release|Any CPU.ActiveCfg = Release|Any CPU
		{0312CDAD-BB1E-4540-8BD7-517265F3387C}.Release|Any CPU.Build.0 = Release|Any CPU
		{46A0A8BA-DB48-4861-916F-63FC891E6096}.Debug|Any CPU.ActiveCfg = Debug|Any CPU
		{46A0A8BA-DB48-4861-916F-63FC891E6096}.Debug|Any CPU.Build.0 = Debug|Any CPU
		{46A0A8BA-DB48-4861-916F-63FC891E6096}.Release|Any CPU.ActiveCfg = Release|Any CPU
		{46A0A8BA-DB48-4861-916F-63FC891E6096}.Release|Any CPU.Build.0 = Release|Any CPU
		{2919EFE6-1F5A-497F-87EC-7BBC1847A72F}.Debug|Any CPU.ActiveCfg = Debug|Any CPU
		{2919EFE6-1F5A-497F-87EC-7BBC1847A72F}.Debug|Any CPU.Build.0 = Debug|Any CPU
		{2919EFE6-1F5A-497F-87EC-7BBC1847A72F}.Release|Any CPU.ActiveCfg = Release|Any CPU
		{2919EFE6-1F5A-497F-87EC-7BBC1847A72F}.Release|Any CPU.Build.0 = Release|Any CPU
	EndGlobalSection
	GlobalSection(SolutionProperties) = preSolution
		HideSolutionNode = FALSE
	EndGlobalSection
	GlobalSection(ExtensibilityGlobals) = postSolution
		SolutionGuid = {C33DFEBA-E081-4655-AE98-F0B3B5140971}
	EndGlobalSection
EndGlobal
